
Microsoft Visual Studio Solution File, Format Version 12.00
# Visual Studio Version 17
VisualStudioVersion = 17.6.33815.320
MinimumVisualStudioVersion = 10.0.40219.1
Project("{2150E333-8FDC-42A3-9474-1A3956D46DE8}") = "Autofac", "Autofac", "{C74D3CB9-0E0A-4AAE-BEAB-9DA98E2A3688}"
EndProject
Project("{9A19103F-16F7-4668-BE54-9A1E7A4F7556}") = "AutofacDimitri", "Autofac\AutofacDimitri\AutofacDimitri.csproj", "{7EABA287-B97D-4201-AF45-7DCBE2FD5987}"
EndProject
Project("{2150E333-8FDC-42A3-9474-1A3956D46DE8}") = "MarkSeemanDI", "MarkSeemanDI", "{941E8A18-9404-44F7-8A02-1246D5756A8B}"
EndProject
Project("{9A19103F-16F7-4668-BE54-9A1E7A4F7556}") = "LateBinding", "MarkSeemanDI\LateBinding\LateBinding.csproj", "{3F849F84-65F4-46FB-BCB0-E80A05DC18E5}"
EndProject
Project("{9A19103F-16F7-4668-BE54-9A1E7A4F7556}") = "Interfaces", "MarkSeemanDI\Interfaces\Interfaces.csproj", "{81498764-B2C8-4DE2-BDD9-B63145DE8F80}"
EndProject
Project("{9A19103F-16F7-4668-BE54-9A1E7A4F7556}") = "ThirdPartyLib", "MarkSeemanDI\ThirdPartyLib\ThirdPartyLib.csproj", "{F36A4D9D-3780-4B7F-85F9-B9E0F087E79D}"
EndProject
Project("{2150E333-8FDC-42A3-9474-1A3956D46DE8}") = "PluginMicrosoft", "PluginMicrosoft", "{5B7FBCB5-9699-41A2-82E8-E4E9407E5E7D}"
EndProject
Project("{9A19103F-16F7-4668-BE54-9A1E7A4F7556}") = "AppWithPluginConsole", "PluginMicrosoft\AppWithPluginConsole\AppWithPluginConsole.csproj", "{EA0F8754-623E-4CFB-9AE5-CE8F79D787C3}"
EndProject
Project("{9A19103F-16F7-4668-BE54-9A1E7A4F7556}") = "PluginBase", "PluginMicrosoft\PluginBase\PluginBase.csproj", "{E6DC3C1B-CBA9-47F6-A300-962BFB679002}"
EndProject
Project("{9A19103F-16F7-4668-BE54-9A1E7A4F7556}") = "HelloPlugin", "PluginMicrosoft\HelloPlugin\HelloPlugin.csproj", "{4AC1058D-2885-41CD-A899-81B25DDADAE9}"
EndProject
Project("{9A19103F-16F7-4668-BE54-9A1E7A4F7556}") = "LateBindingUnitTest", "MarkSeemanDI\LateBindingUnitTest\LateBindingUnitTest.csproj", "{F5995C68-1C7A-4381-9424-F93405D44733}"
EndProject
Project("{2150E333-8FDC-42A3-9474-1A3956D46DE8}") = "PattersonSeason2", "PattersonSeason2", "{25689D9B-51A2-49DE-808D-CEF441F180D0}"
EndProject
Project("{2150E333-8FDC-42A3-9474-1A3956D46DE8}") = "Saga", "Saga", "{AF137A89-9938-4CCD-9F33-704210D29E87}"
EndProject
Project("{9A19103F-16F7-4668-BE54-9A1E7A4F7556}") = "PattersonSeason2.Library.Contracts", "Saga\PattersonSeason2\PattersonSeason2.Library.Contracts\PattersonSeason2.Library.Contracts.csproj", "{2018F0D8-6F07-45EE-8C7B-F57A9078DAD4}"
EndProject
Project("{9A19103F-16F7-4668-BE54-9A1E7A4F7556}") = "PattersonSeason2.Library.Components", "Saga\PattersonSeason2\PattersonSeason2.Library.Components\PattersonSeason2.Library.Components.csproj", "{847E1545-8541-4BB5-8304-D2AD9B7BED85}"
EndProject
Project("{2150E333-8FDC-42A3-9474-1A3956D46DE8}") = "Cryptography", "Cryptography", "{301E831A-5ECE-4040-9E5E-3BB646F9DE44}"
EndProject
Project("{2150E333-8FDC-42A3-9474-1A3956D46DE8}") = "Albahari", "Albahari", "{3911C268-95E4-4412-A1EC-2371714267EF}"
EndProject
Project("{9A19103F-16F7-4668-BE54-9A1E7A4F7556}") = "CryptoConsoleApp1", "Cryptography\Albahari\CryptoConsoleApp1\CryptoConsoleApp1.csproj", "{C1827C58-DE5D-4CFA-BE98-F0066F4858C5}"
EndProject
Project("{2150E333-8FDC-42A3-9474-1A3956D46DE8}") = "Mediatr", "Mediatr", "{EA8E16CD-ACE8-4822-90A0-686260C76DC3}"
EndProject
Project("{2150E333-8FDC-42A3-9474-1A3956D46DE8}") = "AspMonsters", "AspMonsters", "{A6B06558-986D-492C-BB9F-CF367358B487}"
EndProject
Project("{9A19103F-16F7-4668-BE54-9A1E7A4F7556}") = "Mediatr.AspMonsters", "MediatR\AspMonsters\Mediatr.AspMonsters\Mediatr.AspMonsters.csproj", "{F5B4516A-7853-4DD7-9A75-6F062C9406AE}"
EndProject
Project("{2150E333-8FDC-42A3-9474-1A3956D46DE8}") = "EfAndDb", "EfAndDb", "{1A9917EB-86C2-4F70-9295-A3C3F3B54505}"
EndProject
Project("{9A19103F-16F7-4668-BE54-9A1E7A4F7556}") = "ConsoleAppEfAndDb", "EfAndDb\ConsoleAppEfAndDb\ConsoleAppEfAndDb.csproj", "{E46262BE-F957-4342-B8A2-E45E9F8A9CD8}"
EndProject
Project("{9A19103F-16F7-4668-BE54-9A1E7A4F7556}") = "EfAndDb.WebRazorApp", "EfAndDb\EfAndDb.WebRazorApp\EfAndDb.WebRazorApp.csproj", "{6CB1BECF-E89F-443A-BCB6-F3D747AD1794}"
EndProject
Project("{2150E333-8FDC-42A3-9474-1A3956D46DE8}") = "DesignPattern", "DesignPattern", "{930D4F5E-E6E3-46ED-9476-68CD64F8DDD2}"
EndProject
Project("{9A19103F-16F7-4668-BE54-9A1E7A4F7556}") = "DesignPattern.ConsoleApp1", "DesignPattern\DesignPattern.ConsoleApp1\DesignPattern.ConsoleApp1.csproj", "{E9C69A5D-4328-469C-9762-45BF841F6E05}"
EndProject
Project("{2150E333-8FDC-42A3-9474-1A3956D46DE8}") = "Threading", "Threading", "{016D9DB0-8C99-4F48-8FE2-91449411A4D5}"
EndProject
Project("{2150E333-8FDC-42A3-9474-1A3956D46DE8}") = "ThreadingDmitri", "ThreadingDmitri", "{DA5D881D-AF59-4958-A23A-EA935B7A1713}"
EndProject
Project("{9A19103F-16F7-4668-BE54-9A1E7A4F7556}") = "ThreadingDmitri.ConsoleApp1", "Threading\ThreadingDmitri\ThreadingDmitri.ConsoleApp1\ThreadingDmitri.ConsoleApp1.csproj", "{B1012979-2F2C-465C-B5CC-42C287FA9B78}"
EndProject
Project("{2150E333-8FDC-42A3-9474-1A3956D46DE8}") = "Linq", "Linq", "{1D6677F8-17D5-4AD0-9E00-1F8201F6AD54}"
EndProject
Project("{9A19103F-16F7-4668-BE54-9A1E7A4F7556}") = "Linq.ConsoleApp1", "Linq\Linq.ConsoleApp1\Linq.ConsoleApp1.csproj", "{3BB17A77-1743-4FEC-BBBD-E823D24B41BD}"
EndProject
Project("{2150E333-8FDC-42A3-9474-1A3956D46DE8}") = "Linq2db", "Linq2db", "{A4B02A9D-15A9-45CA-BD80-F50629382146}"
EndProject
Project("{9A19103F-16F7-4668-BE54-9A1E7A4F7556}") = "Linq2db.WebApi", "Linq2db\Linq2db.WebApi\Linq2db.WebApi.csproj", "{87E67EE1-BF2B-4162-A871-126DA7A8A159}"
EndProject
Project("{2150E333-8FDC-42A3-9474-1A3956D46DE8}") = "Lazy", "Lazy", "{E0DC697A-394B-41E6-93C4-0A02AFF9BF25}"
EndProject
Project("{FAE04EC0-301F-11D3-BF4B-00C04F79EFBC}") = "ConsoleApp1", "Lazy\ConsoleApp1\ConsoleApp1.csproj", "{725CD617-AFAB-4682-8D54-0009F9408EBA}"
EndProject
Global
	GlobalSection(SolutionConfigurationPlatforms) = preSolution
		Debug|Any CPU = Debug|Any CPU
		Release|Any CPU = Release|Any CPU
	EndGlobalSection
	GlobalSection(ProjectConfigurationPlatforms) = postSolution
		{7EABA287-B97D-4201-AF45-7DCBE2FD5987}.Debug|Any CPU.ActiveCfg = Debug|Any CPU
		{7EABA287-B97D-4201-AF45-7DCBE2FD5987}.Debug|Any CPU.Build.0 = Debug|Any CPU
		{7EABA287-B97D-4201-AF45-7DCBE2FD5987}.Release|Any CPU.ActiveCfg = Release|Any CPU
		{7EABA287-B97D-4201-AF45-7DCBE2FD5987}.Release|Any CPU.Build.0 = Release|Any CPU
		{3F849F84-65F4-46FB-BCB0-E80A05DC18E5}.Debug|Any CPU.ActiveCfg = Debug|Any CPU
		{3F849F84-65F4-46FB-BCB0-E80A05DC18E5}.Debug|Any CPU.Build.0 = Debug|Any CPU
		{3F849F84-65F4-46FB-BCB0-E80A05DC18E5}.Release|Any CPU.ActiveCfg = Release|Any CPU
		{3F849F84-65F4-46FB-BCB0-E80A05DC18E5}.Release|Any CPU.Build.0 = Release|Any CPU
		{81498764-B2C8-4DE2-BDD9-B63145DE8F80}.Debug|Any CPU.ActiveCfg = Debug|Any CPU
		{81498764-B2C8-4DE2-BDD9-B63145DE8F80}.Debug|Any CPU.Build.0 = Debug|Any CPU
		{81498764-B2C8-4DE2-BDD9-B63145DE8F80}.Release|Any CPU.ActiveCfg = Release|Any CPU
		{81498764-B2C8-4DE2-BDD9-B63145DE8F80}.Release|Any CPU.Build.0 = Release|Any CPU
		{F36A4D9D-3780-4B7F-85F9-B9E0F087E79D}.Debug|Any CPU.ActiveCfg = Debug|Any CPU
		{F36A4D9D-3780-4B7F-85F9-B9E0F087E79D}.Debug|Any CPU.Build.0 = Debug|Any CPU
		{F36A4D9D-3780-4B7F-85F9-B9E0F087E79D}.Release|Any CPU.ActiveCfg = Release|Any CPU
		{F36A4D9D-3780-4B7F-85F9-B9E0F087E79D}.Release|Any CPU.Build.0 = Release|Any CPU
		{EA0F8754-623E-4CFB-9AE5-CE8F79D787C3}.Debug|Any CPU.ActiveCfg = Debug|Any CPU
		{EA0F8754-623E-4CFB-9AE5-CE8F79D787C3}.Debug|Any CPU.Build.0 = Debug|Any CPU
		{EA0F8754-623E-4CFB-9AE5-CE8F79D787C3}.Release|Any CPU.ActiveCfg = Release|Any CPU
		{EA0F8754-623E-4CFB-9AE5-CE8F79D787C3}.Release|Any CPU.Build.0 = Release|Any CPU
		{E6DC3C1B-CBA9-47F6-A300-962BFB679002}.Debug|Any CPU.ActiveCfg = Debug|Any CPU
		{E6DC3C1B-CBA9-47F6-A300-962BFB679002}.Debug|Any CPU.Build.0 = Debug|Any CPU
		{E6DC3C1B-CBA9-47F6-A300-962BFB679002}.Release|Any CPU.ActiveCfg = Release|Any CPU
		{E6DC3C1B-CBA9-47F6-A300-962BFB679002}.Release|Any CPU.Build.0 = Release|Any CPU
		{4AC1058D-2885-41CD-A899-81B25DDADAE9}.Debug|Any CPU.ActiveCfg = Debug|Any CPU
		{4AC1058D-2885-41CD-A899-81B25DDADAE9}.Debug|Any CPU.Build.0 = Debug|Any CPU
		{4AC1058D-2885-41CD-A899-81B25DDADAE9}.Release|Any CPU.ActiveCfg = Release|Any CPU
		{4AC1058D-2885-41CD-A899-81B25DDADAE9}.Release|Any CPU.Build.0 = Release|Any CPU
		{F5995C68-1C7A-4381-9424-F93405D44733}.Debug|Any CPU.ActiveCfg = Debug|Any CPU
		{F5995C68-1C7A-4381-9424-F93405D44733}.Debug|Any CPU.Build.0 = Debug|Any CPU
		{F5995C68-1C7A-4381-9424-F93405D44733}.Release|Any CPU.ActiveCfg = Release|Any CPU
		{F5995C68-1C7A-4381-9424-F93405D44733}.Release|Any CPU.Build.0 = Release|Any CPU
		{2018F0D8-6F07-45EE-8C7B-F57A9078DAD4}.Debug|Any CPU.ActiveCfg = Debug|Any CPU
		{2018F0D8-6F07-45EE-8C7B-F57A9078DAD4}.Debug|Any CPU.Build.0 = Debug|Any CPU
		{2018F0D8-6F07-45EE-8C7B-F57A9078DAD4}.Release|Any CPU.ActiveCfg = Release|Any CPU
		{2018F0D8-6F07-45EE-8C7B-F57A9078DAD4}.Release|Any CPU.Build.0 = Release|Any CPU
		{847E1545-8541-4BB5-8304-D2AD9B7BED85}.Debug|Any CPU.ActiveCfg = Debug|Any CPU
		{847E1545-8541-4BB5-8304-D2AD9B7BED85}.Debug|Any CPU.Build.0 = Debug|Any CPU
		{847E1545-8541-4BB5-8304-D2AD9B7BED85}.Release|Any CPU.ActiveCfg = Release|Any CPU
		{847E1545-8541-4BB5-8304-D2AD9B7BED85}.Release|Any CPU.Build.0 = Release|Any CPU
		{C1827C58-DE5D-4CFA-BE98-F0066F4858C5}.Debug|Any CPU.ActiveCfg = Debug|Any CPU
		{C1827C58-DE5D-4CFA-BE98-F0066F4858C5}.Debug|Any CPU.Build.0 = Debug|Any CPU
		{C1827C58-DE5D-4CFA-BE98-F0066F4858C5}.Release|Any CPU.ActiveCfg = Release|Any CPU
		{C1827C58-DE5D-4CFA-BE98-F0066F4858C5}.Release|Any CPU.Build.0 = Release|Any CPU
		{F5B4516A-7853-4DD7-9A75-6F062C9406AE}.Debug|Any CPU.ActiveCfg = Debug|Any CPU
		{F5B4516A-7853-4DD7-9A75-6F062C9406AE}.Debug|Any CPU.Build.0 = Debug|Any CPU
		{F5B4516A-7853-4DD7-9A75-6F062C9406AE}.Release|Any CPU.ActiveCfg = Release|Any CPU
		{F5B4516A-7853-4DD7-9A75-6F062C9406AE}.Release|Any CPU.Build.0 = Release|Any CPU
		{E46262BE-F957-4342-B8A2-E45E9F8A9CD8}.Debug|Any CPU.ActiveCfg = Debug|Any CPU
		{E46262BE-F957-4342-B8A2-E45E9F8A9CD8}.Debug|Any CPU.Build.0 = Debug|Any CPU
		{E46262BE-F957-4342-B8A2-E45E9F8A9CD8}.Release|Any CPU.ActiveCfg = Release|Any CPU
		{E46262BE-F957-4342-B8A2-E45E9F8A9CD8}.Release|Any CPU.Build.0 = Release|Any CPU
		{6CB1BECF-E89F-443A-BCB6-F3D747AD1794}.Debug|Any CPU.ActiveCfg = Debug|Any CPU
		{6CB1BECF-E89F-443A-BCB6-F3D747AD1794}.Debug|Any CPU.Build.0 = Debug|Any CPU
		{6CB1BECF-E89F-443A-BCB6-F3D747AD1794}.Release|Any CPU.ActiveCfg = Release|Any CPU
		{6CB1BECF-E89F-443A-BCB6-F3D747AD1794}.Release|Any CPU.Build.0 = Release|Any CPU
		{E9C69A5D-4328-469C-9762-45BF841F6E05}.Debug|Any CPU.ActiveCfg = Debug|Any CPU
		{E9C69A5D-4328-469C-9762-45BF841F6E05}.Debug|Any CPU.Build.0 = Debug|Any CPU
		{E9C69A5D-4328-469C-9762-45BF841F6E05}.Release|Any CPU.ActiveCfg = Release|Any CPU
		{E9C69A5D-4328-469C-9762-45BF841F6E05}.Release|Any CPU.Build.0 = Release|Any CPU
		{B1012979-2F2C-465C-B5CC-42C287FA9B78}.Debug|Any CPU.ActiveCfg = Debug|Any CPU
		{B1012979-2F2C-465C-B5CC-42C287FA9B78}.Debug|Any CPU.Build.0 = Debug|Any CPU
		{B1012979-2F2C-465C-B5CC-42C287FA9B78}.Release|Any CPU.ActiveCfg = Release|Any CPU
		{B1012979-2F2C-465C-B5CC-42C287FA9B78}.Release|Any CPU.Build.0 = Release|Any CPU
		{3BB17A77-1743-4FEC-BBBD-E823D24B41BD}.Debug|Any CPU.ActiveCfg = Debug|Any CPU
		{3BB17A77-1743-4FEC-BBBD-E823D24B41BD}.Debug|Any CPU.Build.0 = Debug|Any CPU
		{3BB17A77-1743-4FEC-BBBD-E823D24B41BD}.Release|Any CPU.ActiveCfg = Release|Any CPU
		{3BB17A77-1743-4FEC-BBBD-E823D24B41BD}.Release|Any CPU.Build.0 = Release|Any CPU
		{87E67EE1-BF2B-4162-A871-126DA7A8A159}.Debug|Any CPU.ActiveCfg = Debug|Any CPU
		{87E67EE1-BF2B-4162-A871-126DA7A8A159}.Debug|Any CPU.Build.0 = Debug|Any CPU
		{87E67EE1-BF2B-4162-A871-126DA7A8A159}.Release|Any CPU.ActiveCfg = Release|Any CPU
		{87E67EE1-BF2B-4162-A871-126DA7A8A159}.Release|Any CPU.Build.0 = Release|Any CPU
		{725CD617-AFAB-4682-8D54-0009F9408EBA}.Debug|Any CPU.ActiveCfg = Debug|Any CPU
		{725CD617-AFAB-4682-8D54-0009F9408EBA}.Debug|Any CPU.Build.0 = Debug|Any CPU
		{725CD617-AFAB-4682-8D54-0009F9408EBA}.Release|Any CPU.ActiveCfg = Release|Any CPU
		{725CD617-AFAB-4682-8D54-0009F9408EBA}.Release|Any CPU.Build.0 = Release|Any CPU
	EndGlobalSection
	GlobalSection(SolutionProperties) = preSolution
		HideSolutionNode = FALSE
	EndGlobalSection
	GlobalSection(NestedProjects) = preSolution
		{7EABA287-B97D-4201-AF45-7DCBE2FD5987} = {C74D3CB9-0E0A-4AAE-BEAB-9DA98E2A3688}
		{3F849F84-65F4-46FB-BCB0-E80A05DC18E5} = {941E8A18-9404-44F7-8A02-1246D5756A8B}
		{81498764-B2C8-4DE2-BDD9-B63145DE8F80} = {941E8A18-9404-44F7-8A02-1246D5756A8B}
		{F36A4D9D-3780-4B7F-85F9-B9E0F087E79D} = {941E8A18-9404-44F7-8A02-1246D5756A8B}
		{EA0F8754-623E-4CFB-9AE5-CE8F79D787C3} = {5B7FBCB5-9699-41A2-82E8-E4E9407E5E7D}
		{E6DC3C1B-CBA9-47F6-A300-962BFB679002} = {5B7FBCB5-9699-41A2-82E8-E4E9407E5E7D}
		{4AC1058D-2885-41CD-A899-81B25DDADAE9} = {5B7FBCB5-9699-41A2-82E8-E4E9407E5E7D}
		{F5995C68-1C7A-4381-9424-F93405D44733} = {941E8A18-9404-44F7-8A02-1246D5756A8B}
		{25689D9B-51A2-49DE-808D-CEF441F180D0} = {AF137A89-9938-4CCD-9F33-704210D29E87}
		{2018F0D8-6F07-45EE-8C7B-F57A9078DAD4} = {25689D9B-51A2-49DE-808D-CEF441F180D0}
		{847E1545-8541-4BB5-8304-D2AD9B7BED85} = {25689D9B-51A2-49DE-808D-CEF441F180D0}
		{3911C268-95E4-4412-A1EC-2371714267EF} = {301E831A-5ECE-4040-9E5E-3BB646F9DE44}
		{C1827C58-DE5D-4CFA-BE98-F0066F4858C5} = {3911C268-95E4-4412-A1EC-2371714267EF}
		{A6B06558-986D-492C-BB9F-CF367358B487} = {EA8E16CD-ACE8-4822-90A0-686260C76DC3}
		{F5B4516A-7853-4DD7-9A75-6F062C9406AE} = {A6B06558-986D-492C-BB9F-CF367358B487}
		{E46262BE-F957-4342-B8A2-E45E9F8A9CD8} = {1A9917EB-86C2-4F70-9295-A3C3F3B54505}
		{6CB1BECF-E89F-443A-BCB6-F3D747AD1794} = {1A9917EB-86C2-4F70-9295-A3C3F3B54505}
		{E9C69A5D-4328-469C-9762-45BF841F6E05} = {930D4F5E-E6E3-46ED-9476-68CD64F8DDD2}
		{DA5D881D-AF59-4958-A23A-EA935B7A1713} = {016D9DB0-8C99-4F48-8FE2-91449411A4D5}
		{B1012979-2F2C-465C-B5CC-42C287FA9B78} = {DA5D881D-AF59-4958-A23A-EA935B7A1713}
		{3BB17A77-1743-4FEC-BBBD-E823D24B41BD} = {1D6677F8-17D5-4AD0-9E00-1F8201F6AD54}
		{87E67EE1-BF2B-4162-A871-126DA7A8A159} = {A4B02A9D-15A9-45CA-BD80-F50629382146}
		{725CD617-AFAB-4682-8D54-0009F9408EBA} = {E0DC697A-394B-41E6-93C4-0A02AFF9BF25}
	EndGlobalSection
	GlobalSection(ExtensibilityGlobals) = postSolution
		SolutionGuid = {13CC4097-9172-47CD-A5E1-65E5B031C241}
	EndGlobalSection
EndGlobal
