
Microsoft Visual Studio Solution File, Format Version 12.00
# Visual Studio Version 17
VisualStudioVersion = 17.6.33815.320
MinimumVisualStudioVersion = 10.0.40219.1
Project("{2150E333-8FDC-42A3-9474-1A3956D46DE8}") = "Autofac", "Autofac", "{C74D3CB9-0E0A-4AAE-BEAB-9DA98E2A3688}"
EndProject
Project("{9A19103F-16F7-4668-BE54-9A1E7A4F7556}") = "AutofacDimitri", "Autofac\AutofacDimitri\AutofacDimitri.csproj", "{7EABA287-B97D-4201-AF45-7DCBE2FD5987}"
EndProject
Project("{2150E333-8FDC-42A3-9474-1A3956D46DE8}") = "MarkSeemanDI", "MarkSeemanDI", "{941E8A18-9404-44F7-8A02-1246D5756A8B}"
EndProject
Project("{9A19103F-16F7-4668-BE54-9A1E7A4F7556}") = "LateBinding", "MarkSeemanDI\LateBinding\LateBinding.csproj", "{3F849F84-65F4-46FB-BCB0-E80A05DC18E5}"
EndProject
Project("{9A19103F-16F7-4668-BE54-9A1E7A4F7556}") = "Interfaces", "MarkSeemanDI\Interfaces\Interfaces.csproj", "{81498764-B2C8-4DE2-BDD9-B63145DE8F80}"
EndProject
Project("{9A19103F-16F7-4668-BE54-9A1E7A4F7556}") = "ThirdPartyLib", "MarkSeemanDI\ThirdPartyLib\ThirdPartyLib.csproj", "{F36A4D9D-3780-4B7F-85F9-B9E0F087E79D}"
EndProject
Project("{2150E333-8FDC-42A3-9474-1A3956D46DE8}") = "PluginMicrosoft", "PluginMicrosoft", "{5B7FBCB5-9699-41A2-82E8-E4E9407E5E7D}"
EndProject
Project("{9A19103F-16F7-4668-BE54-9A1E7A4F7556}") = "AppWithPluginConsole", "PluginMicrosoft\AppWithPluginConsole\AppWithPluginConsole.csproj", "{EA0F8754-623E-4CFB-9AE5-CE8F79D787C3}"
EndProject
Project("{9A19103F-16F7-4668-BE54-9A1E7A4F7556}") = "PluginBase", "PluginMicrosoft\PluginBase\PluginBase.csproj", "{E6DC3C1B-CBA9-47F6-A300-962BFB679002}"
EndProject
Project("{9A19103F-16F7-4668-BE54-9A1E7A4F7556}") = "HelloPlugin", "PluginMicrosoft\HelloPlugin\HelloPlugin.csproj", "{4AC1058D-2885-41CD-A899-81B25DDADAE9}"
EndProject
Project("{9A19103F-16F7-4668-BE54-9A1E7A4F7556}") = "LateBindingUnitTest", "MarkSeemanDI\LateBindingUnitTest\LateBindingUnitTest.csproj", "{F5995C68-1C7A-4381-9424-F93405D44733}"
EndProject
Project("{2150E333-8FDC-42A3-9474-1A3956D46DE8}") = "PattersonSeason2", "PattersonSeason2", "{25689D9B-51A2-49DE-808D-CEF441F180D0}"
EndProject
Project("{2150E333-8FDC-42A3-9474-1A3956D46DE8}") = "Saga", "Saga", "{AF137A89-9938-4CCD-9F33-704210D29E87}"
EndProject
Project("{9A19103F-16F7-4668-BE54-9A1E7A4F7556}") = "PattersonSeason2.Library.Contracts", "Saga\PattersonSeason2\PattersonSeason2.Library.Contracts\PattersonSeason2.Library.Contracts.csproj", "{2018F0D8-6F07-45EE-8C7B-F57A9078DAD4}"
EndProject
Project("{9A19103F-16F7-4668-BE54-9A1E7A4F7556}") = "PattersonSeason2.Library.Components", "Saga\PattersonSeason2\PattersonSeason2.Library.Components\PattersonSeason2.Library.Components.csproj", "{847E1545-8541-4BB5-8304-D2AD9B7BED85}"
EndProject
Project("{2150E333-8FDC-42A3-9474-1A3956D46DE8}") = "Cryptography", "Cryptography", "{301E831A-5ECE-4040-9E5E-3BB646F9DE44}"
EndProject
Project("{2150E333-8FDC-42A3-9474-1A3956D46DE8}") = "Albahari", "Albahari", "{3911C268-95E4-4412-A1EC-2371714267EF}"
EndProject
Project("{9A19103F-16F7-4668-BE54-9A1E7A4F7556}") = "CryptoConsoleApp1", "Cryptography\Albahari\CryptoConsoleApp1\CryptoConsoleApp1.csproj", "{C1827C58-DE5D-4CFA-BE98-F0066F4858C5}"
EndProject
Project("{2150E333-8FDC-42A3-9474-1A3956D46DE8}") = "Mediatr", "Mediatr", "{EA8E16CD-ACE8-4822-90A0-686260C76DC3}"
EndProject
Project("{2150E333-8FDC-42A3-9474-1A3956D46DE8}") = "AspMonsters", "AspMonsters", "{A6B06558-986D-492C-BB9F-CF367358B487}"
EndProject
Project("{9A19103F-16F7-4668-BE54-9A1E7A4F7556}") = "Mediatr.AspMonsters", "MediatR\AspMonsters\Mediatr.AspMonsters\Mediatr.AspMonsters.csproj", "{F5B4516A-7853-4DD7-9A75-6F062C9406AE}"
EndProject
Project("{2150E333-8FDC-42A3-9474-1A3956D46DE8}") = "DesignPattern", "DesignPattern", "{930D4F5E-E6E3-46ED-9476-68CD64F8DDD2}"
EndProject
Project("{2150E333-8FDC-42A3-9474-1A3956D46DE8}") = "Threading", "Threading", "{016D9DB0-8C99-4F48-8FE2-91449411A4D5}"
EndProject
Project("{2150E333-8FDC-42A3-9474-1A3956D46DE8}") = "ThreadingDmitri", "ThreadingDmitri", "{DA5D881D-AF59-4958-A23A-EA935B7A1713}"
EndProject
Project("{9A19103F-16F7-4668-BE54-9A1E7A4F7556}") = "ThreadingDmitri.ConsoleApp1", "Threading\ThreadingDmitri\ThreadingDmitri.ConsoleApp1\ThreadingDmitri.ConsoleApp1.csproj", "{B1012979-2F2C-465C-B5CC-42C287FA9B78}"
EndProject
Project("{2150E333-8FDC-42A3-9474-1A3956D46DE8}") = "Linq", "Linq", "{1D6677F8-17D5-4AD0-9E00-1F8201F6AD54}"
EndProject
Project("{9A19103F-16F7-4668-BE54-9A1E7A4F7556}") = "Linq.ConsoleApp1", "Linq\Linq.ConsoleApp1\Linq.ConsoleApp1.csproj", "{3BB17A77-1743-4FEC-BBBD-E823D24B41BD}"
EndProject
Project("{2150E333-8FDC-42A3-9474-1A3956D46DE8}") = "Lazy", "Lazy", "{E0DC697A-394B-41E6-93C4-0A02AFF9BF25}"
EndProject
Project("{9A19103F-16F7-4668-BE54-9A1E7A4F7556}") = "ConsoleApp1", "Lazy\ConsoleApp1\ConsoleApp1.csproj", "{725CD617-AFAB-4682-8D54-0009F9408EBA}"
EndProject
Project("{2150E333-8FDC-42A3-9474-1A3956D46DE8}") = "CSharpRecord", "CSharpRecord", "{4D1C7A7D-2629-441E-883E-B07C6D4FC4EB}"
EndProject
Project("{9A19103F-16F7-4668-BE54-9A1E7A4F7556}") = "CSharpRecord.ConsoleApp1", "CSharpRecord\CSharpRecord.ConsoleApp1\CSharpRecord.ConsoleApp1.csproj", "{A03FAAA0-951F-4060-8B41-CAC1CC3A9051}"
EndProject
Project("{2150E333-8FDC-42A3-9474-1A3956D46DE8}") = "Reflection", "Reflection", "{1D5ABFB0-AC36-4850-9E9F-96AA0C3E8F96}"
EndProject
Project("{FAE04EC0-301F-11D3-BF4B-00C04F79EFBC}") = "ConsoleAppReflection", "Reflection\ConsoleAppReflection\ConsoleAppReflection.csproj", "{7C7BD680-6E08-472D-812B-4DACDA9A84F6}"
EndProject
Project("{FAE04EC0-301F-11D3-BF4B-00C04F79EFBC}") = "BankingSystem", "DesignPattern\BankingSystem\BankingSystem.csproj", "{ED390AE0-4396-44B5-8BD8-6D4A29A0A267}"
EndProject
Project("{FAE04EC0-301F-11D3-BF4B-00C04F79EFBC}") = "ConsoleApp2FowlerCh1", "DesignPattern\ConsoleApp2FowlerCh1\ConsoleApp2FowlerCh1.csproj", "{2E1DC353-81EA-4F77-BFBD-9100FC13292B}"
EndProject
Project("{FAE04EC0-301F-11D3-BF4B-00C04F79EFBC}") = "ConsoleApp2TemplateMethod", "DesignPattern\ConsoleApp2TemplateMethod\ConsoleApp2TemplateMethod.csproj", "{8AA7CE2F-9B12-491E-8A60-F016AD85B051}"
EndProject
Project("{FAE04EC0-301F-11D3-BF4B-00C04F79EFBC}") = "ConsoleApp4Reflecting", "DesignPattern\ConsoleApp4Reflecting\ConsoleApp4Reflecting.csproj", "{AE9B66AF-4CA1-407E-AC62-10474D9D2E67}"
EndProject
Project("{FAE04EC0-301F-11D3-BF4B-00C04F79EFBC}") = "ConsoleApp5JudithBishop", "DesignPattern\ConsoleApp5JudithBishop\ConsoleApp5JudithBishop.csproj", "{EC81A5D0-D213-49BC-B330-762210D3B8A4}"
EndProject
Project("{FAE04EC0-301F-11D3-BF4B-00C04F79EFBC}") = "ConsoleApp6StatelessLib", "DesignPattern\ConsoleApp6StatelessLib\ConsoleApp6StatelessLib.csproj", "{EB281566-A5D2-4C59-8BD0-EDA9B96144EC}"
EndProject
Project("{FAE04EC0-301F-11D3-BF4B-00C04F79EFBC}") = "ConsoleApp7BuilderPattern", "DesignPattern\ConsoleApp7BuilderPattern\ConsoleApp7BuilderPattern.csproj", "{87F8108A-BA62-43B0-80EC-95CB9F00CA41}"
EndProject
Project("{FAE04EC0-301F-11D3-BF4B-00C04F79EFBC}") = "ConsoleAppBookLibrary", "DesignPattern\ConsoleAppBookLibrary\ConsoleAppBookLibrary.csproj", "{B6762EEC-E19E-4D5E-B871-1A3470D97A4C}"
EndProject
Project("{FAE04EC0-301F-11D3-BF4B-00C04F79EFBC}") = "ConsoleAppCoinFlip", "DesignPattern\ConsoleAppCoinFlip\ConsoleAppCoinFlip.csproj", "{F7DF7772-E924-4D85-8AE3-C4EC54F4395E}"
EndProject
Project("{FAE04EC0-301F-11D3-BF4B-00C04F79EFBC}") = "ConsoleAppParkingLot", "DesignPattern\ConsoleAppParkingLot\ConsoleAppParkingLot.csproj", "{51A75BFD-D234-4994-91C2-01CBCBE8FF15}"
EndProject
Project("{FAE04EC0-301F-11D3-BF4B-00C04F79EFBC}") = "RebeccaRockPaperSissors", "DesignPattern\RebeccaRockPaperSissors\RebeccaRockPaperSissors.csproj", "{18AA2F07-A16F-49B7-8553-D138BD5AA906}"
EndProject
Project("{2150E333-8FDC-42A3-9474-1A3956D46DE8}") = "ZoranDesignPatternResponsibility", "ZoranDesignPatternResponsibility", "{2F5C0B0E-EDC7-468F-AB4D-033BC572FA5F}"
EndProject
Project("{FAE04EC0-301F-11D3-BF4B-00C04F79EFBC}") = "ConsoleApp2AbstractFactory", "DesignPattern\ZoranDesignPatternResponsibility\ConsoleApp2AbstractFactory\ConsoleApp2AbstractFactory.csproj", "{FCEC3063-B723-4AA9-9624-ADC972DE72CF}"
EndProject
Project("{FAE04EC0-301F-11D3-BF4B-00C04F79EFBC}") = "ConsoleApp1Visitor", "ZoranDesignPatternResponsibility\ConsoleApp1Visitor\ConsoleApp1Visitor.csproj", "{F22B40AC-E635-485A-B6E2-DBCA30C336D0}"
EndProject
Project("{FAE04EC0-301F-11D3-BF4B-00C04F79EFBC}") = "ConsoleApp8", "ConsoleApp8\ConsoleApp8.csproj", "{91C7351E-50F7-4AE2-860D-B244D19A21DC}"
EndProject
Global
	GlobalSection(SolutionConfigurationPlatforms) = preSolution
		Debug|Any CPU = Debug|Any CPU
		Release|Any CPU = Release|Any CPU
	EndGlobalSection
	GlobalSection(ProjectConfigurationPlatforms) = postSolution
		{7EABA287-B97D-4201-AF45-7DCBE2FD5987}.Debug|Any CPU.ActiveCfg = Debug|Any CPU
		{7EABA287-B97D-4201-AF45-7DCBE2FD5987}.Debug|Any CPU.Build.0 = Debug|Any CPU
		{7EABA287-B97D-4201-AF45-7DCBE2FD5987}.Release|Any CPU.ActiveCfg = Release|Any CPU
		{7EABA287-B97D-4201-AF45-7DCBE2FD5987}.Release|Any CPU.Build.0 = Release|Any CPU
		{3F849F84-65F4-46FB-BCB0-E80A05DC18E5}.Debug|Any CPU.ActiveCfg = Debug|Any CPU
		{3F849F84-65F4-46FB-BCB0-E80A05DC18E5}.Debug|Any CPU.Build.0 = Debug|Any CPU
		{3F849F84-65F4-46FB-BCB0-E80A05DC18E5}.Release|Any CPU.ActiveCfg = Release|Any CPU
		{3F849F84-65F4-46FB-BCB0-E80A05DC18E5}.Release|Any CPU.Build.0 = Release|Any CPU
		{81498764-B2C8-4DE2-BDD9-B63145DE8F80}.Debug|Any CPU.ActiveCfg = Debug|Any CPU
		{81498764-B2C8-4DE2-BDD9-B63145DE8F80}.Debug|Any CPU.Build.0 = Debug|Any CPU
		{81498764-B2C8-4DE2-BDD9-B63145DE8F80}.Release|Any CPU.ActiveCfg = Release|Any CPU
		{81498764-B2C8-4DE2-BDD9-B63145DE8F80}.Release|Any CPU.Build.0 = Release|Any CPU
		{F36A4D9D-3780-4B7F-85F9-B9E0F087E79D}.Debug|Any CPU.ActiveCfg = Debug|Any CPU
		{F36A4D9D-3780-4B7F-85F9-B9E0F087E79D}.Debug|Any CPU.Build.0 = Debug|Any CPU
		{F36A4D9D-3780-4B7F-85F9-B9E0F087E79D}.Release|Any CPU.ActiveCfg = Release|Any CPU
		{F36A4D9D-3780-4B7F-85F9-B9E0F087E79D}.Release|Any CPU.Build.0 = Release|Any CPU
		{EA0F8754-623E-4CFB-9AE5-CE8F79D787C3}.Debug|Any CPU.ActiveCfg = Debug|Any CPU
		{EA0F8754-623E-4CFB-9AE5-CE8F79D787C3}.Debug|Any CPU.Build.0 = Debug|Any CPU
		{EA0F8754-623E-4CFB-9AE5-CE8F79D787C3}.Release|Any CPU.ActiveCfg = Release|Any CPU
		{EA0F8754-623E-4CFB-9AE5-CE8F79D787C3}.Release|Any CPU.Build.0 = Release|Any CPU
		{E6DC3C1B-CBA9-47F6-A300-962BFB679002}.Debug|Any CPU.ActiveCfg = Debug|Any CPU
		{E6DC3C1B-CBA9-47F6-A300-962BFB679002}.Debug|Any CPU.Build.0 = Debug|Any CPU
		{E6DC3C1B-CBA9-47F6-A300-962BFB679002}.Release|Any CPU.ActiveCfg = Release|Any CPU
		{E6DC3C1B-CBA9-47F6-A300-962BFB679002}.Release|Any CPU.Build.0 = Release|Any CPU
		{4AC1058D-2885-41CD-A899-81B25DDADAE9}.Debug|Any CPU.ActiveCfg = Debug|Any CPU
		{4AC1058D-2885-41CD-A899-81B25DDADAE9}.Debug|Any CPU.Build.0 = Debug|Any CPU
		{4AC1058D-2885-41CD-A899-81B25DDADAE9}.Release|Any CPU.ActiveCfg = Release|Any CPU
		{4AC1058D-2885-41CD-A899-81B25DDADAE9}.Release|Any CPU.Build.0 = Release|Any CPU
		{F5995C68-1C7A-4381-9424-F93405D44733}.Debug|Any CPU.ActiveCfg = Debug|Any CPU
		{F5995C68-1C7A-4381-9424-F93405D44733}.Debug|Any CPU.Build.0 = Debug|Any CPU
		{F5995C68-1C7A-4381-9424-F93405D44733}.Release|Any CPU.ActiveCfg = Release|Any CPU
		{F5995C68-1C7A-4381-9424-F93405D44733}.Release|Any CPU.Build.0 = Release|Any CPU
		{2018F0D8-6F07-45EE-8C7B-F57A9078DAD4}.Debug|Any CPU.ActiveCfg = Debug|Any CPU
		{2018F0D8-6F07-45EE-8C7B-F57A9078DAD4}.Debug|Any CPU.Build.0 = Debug|Any CPU
		{2018F0D8-6F07-45EE-8C7B-F57A9078DAD4}.Release|Any CPU.ActiveCfg = Release|Any CPU
		{2018F0D8-6F07-45EE-8C7B-F57A9078DAD4}.Release|Any CPU.Build.0 = Release|Any CPU
		{847E1545-8541-4BB5-8304-D2AD9B7BED85}.Debug|Any CPU.ActiveCfg = Debug|Any CPU
		{847E1545-8541-4BB5-8304-D2AD9B7BED85}.Debug|Any CPU.Build.0 = Debug|Any CPU
		{847E1545-8541-4BB5-8304-D2AD9B7BED85}.Release|Any CPU.ActiveCfg = Release|Any CPU
		{847E1545-8541-4BB5-8304-D2AD9B7BED85}.Release|Any CPU.Build.0 = Release|Any CPU
		{C1827C58-DE5D-4CFA-BE98-F0066F4858C5}.Debug|Any CPU.ActiveCfg = Debug|Any CPU
		{C1827C58-DE5D-4CFA-BE98-F0066F4858C5}.Debug|Any CPU.Build.0 = Debug|Any CPU
		{C1827C58-DE5D-4CFA-BE98-F0066F4858C5}.Release|Any CPU.ActiveCfg = Release|Any CPU
		{C1827C58-DE5D-4CFA-BE98-F0066F4858C5}.Release|Any CPU.Build.0 = Release|Any CPU
		{F5B4516A-7853-4DD7-9A75-6F062C9406AE}.Debug|Any CPU.ActiveCfg = Debug|Any CPU
		{F5B4516A-7853-4DD7-9A75-6F062C9406AE}.Debug|Any CPU.Build.0 = Debug|Any CPU
		{F5B4516A-7853-4DD7-9A75-6F062C9406AE}.Release|Any CPU.ActiveCfg = Release|Any CPU
		{F5B4516A-7853-4DD7-9A75-6F062C9406AE}.Release|Any CPU.Build.0 = Release|Any CPU
		{B1012979-2F2C-465C-B5CC-42C287FA9B78}.Debug|Any CPU.ActiveCfg = Debug|Any CPU
		{B1012979-2F2C-465C-B5CC-42C287FA9B78}.Debug|Any CPU.Build.0 = Debug|Any CPU
		{B1012979-2F2C-465C-B5CC-42C287FA9B78}.Release|Any CPU.ActiveCfg = Release|Any CPU
		{B1012979-2F2C-465C-B5CC-42C287FA9B78}.Release|Any CPU.Build.0 = Release|Any CPU
		{3BB17A77-1743-4FEC-BBBD-E823D24B41BD}.Debug|Any CPU.ActiveCfg = Debug|Any CPU
		{3BB17A77-1743-4FEC-BBBD-E823D24B41BD}.Debug|Any CPU.Build.0 = Debug|Any CPU
		{3BB17A77-1743-4FEC-BBBD-E823D24B41BD}.Release|Any CPU.ActiveCfg = Release|Any CPU
		{3BB17A77-1743-4FEC-BBBD-E823D24B41BD}.Release|Any CPU.Build.0 = Release|Any CPU
		{725CD617-AFAB-4682-8D54-0009F9408EBA}.Debug|Any CPU.ActiveCfg = Debug|Any CPU
		{725CD617-AFAB-4682-8D54-0009F9408EBA}.Debug|Any CPU.Build.0 = Debug|Any CPU
		{725CD617-AFAB-4682-8D54-0009F9408EBA}.Release|Any CPU.ActiveCfg = Release|Any CPU
		{725CD617-AFAB-4682-8D54-0009F9408EBA}.Release|Any CPU.Build.0 = Release|Any CPU
		{A03FAAA0-951F-4060-8B41-CAC1CC3A9051}.Debug|Any CPU.ActiveCfg = Debug|Any CPU
		{A03FAAA0-951F-4060-8B41-CAC1CC3A9051}.Debug|Any CPU.Build.0 = Debug|Any CPU
		{A03FAAA0-951F-4060-8B41-CAC1CC3A9051}.Release|Any CPU.ActiveCfg = Release|Any CPU
		{A03FAAA0-951F-4060-8B41-CAC1CC3A9051}.Release|Any CPU.Build.0 = Release|Any CPU
		{7C7BD680-6E08-472D-812B-4DACDA9A84F6}.Debug|Any CPU.ActiveCfg = Debug|Any CPU
		{7C7BD680-6E08-472D-812B-4DACDA9A84F6}.Debug|Any CPU.Build.0 = Debug|Any CPU
		{7C7BD680-6E08-472D-812B-4DACDA9A84F6}.Release|Any CPU.ActiveCfg = Release|Any CPU
		{7C7BD680-6E08-472D-812B-4DACDA9A84F6}.Release|Any CPU.Build.0 = Release|Any CPU
		{ED390AE0-4396-44B5-8BD8-6D4A29A0A267}.Debug|Any CPU.ActiveCfg = Debug|Any CPU
		{ED390AE0-4396-44B5-8BD8-6D4A29A0A267}.Debug|Any CPU.Build.0 = Debug|Any CPU
		{ED390AE0-4396-44B5-8BD8-6D4A29A0A267}.Release|Any CPU.ActiveCfg = Release|Any CPU
		{ED390AE0-4396-44B5-8BD8-6D4A29A0A267}.Release|Any CPU.Build.0 = Release|Any CPU
		{2E1DC353-81EA-4F77-BFBD-9100FC13292B}.Debug|Any CPU.ActiveCfg = Debug|Any CPU
		{2E1DC353-81EA-4F77-BFBD-9100FC13292B}.Debug|Any CPU.Build.0 = Debug|Any CPU
		{2E1DC353-81EA-4F77-BFBD-9100FC13292B}.Release|Any CPU.ActiveCfg = Release|Any CPU
		{2E1DC353-81EA-4F77-BFBD-9100FC13292B}.Release|Any CPU.Build.0 = Release|Any CPU
		{8AA7CE2F-9B12-491E-8A60-F016AD85B051}.Debug|Any CPU.ActiveCfg = Debug|Any CPU
		{8AA7CE2F-9B12-491E-8A60-F016AD85B051}.Debug|Any CPU.Build.0 = Debug|Any CPU
		{8AA7CE2F-9B12-491E-8A60-F016AD85B051}.Release|Any CPU.ActiveCfg = Release|Any CPU
		{8AA7CE2F-9B12-491E-8A60-F016AD85B051}.Release|Any CPU.Build.0 = Release|Any CPU
		{AE9B66AF-4CA1-407E-AC62-10474D9D2E67}.Debug|Any CPU.ActiveCfg = Debug|Any CPU
		{AE9B66AF-4CA1-407E-AC62-10474D9D2E67}.Debug|Any CPU.Build.0 = Debug|Any CPU
		{AE9B66AF-4CA1-407E-AC62-10474D9D2E67}.Release|Any CPU.ActiveCfg = Release|Any CPU
		{AE9B66AF-4CA1-407E-AC62-10474D9D2E67}.Release|Any CPU.Build.0 = Release|Any CPU
		{EC81A5D0-D213-49BC-B330-762210D3B8A4}.Debug|Any CPU.ActiveCfg = Debug|Any CPU
		{EC81A5D0-D213-49BC-B330-762210D3B8A4}.Debug|Any CPU.Build.0 = Debug|Any CPU
		{EC81A5D0-D213-49BC-B330-762210D3B8A4}.Release|Any CPU.ActiveCfg = Release|Any CPU
		{EC81A5D0-D213-49BC-B330-762210D3B8A4}.Release|Any CPU.Build.0 = Release|Any CPU
		{EB281566-A5D2-4C59-8BD0-EDA9B96144EC}.Debug|Any CPU.ActiveCfg = Debug|Any CPU
		{EB281566-A5D2-4C59-8BD0-EDA9B96144EC}.Debug|Any CPU.Build.0 = Debug|Any CPU
		{EB281566-A5D2-4C59-8BD0-EDA9B96144EC}.Release|Any CPU.ActiveCfg = Release|Any CPU
		{EB281566-A5D2-4C59-8BD0-EDA9B96144EC}.Release|Any CPU.Build.0 = Release|Any CPU
		{87F8108A-BA62-43B0-80EC-95CB9F00CA41}.Debug|Any CPU.ActiveCfg = Debug|Any CPU
		{87F8108A-BA62-43B0-80EC-95CB9F00CA41}.Debug|Any CPU.Build.0 = Debug|Any CPU
		{87F8108A-BA62-43B0-80EC-95CB9F00CA41}.Release|Any CPU.ActiveCfg = Release|Any CPU
		{87F8108A-BA62-43B0-80EC-95CB9F00CA41}.Release|Any CPU.Build.0 = Release|Any CPU
		{B6762EEC-E19E-4D5E-B871-1A3470D97A4C}.Debug|Any CPU.ActiveCfg = Debug|Any CPU
		{B6762EEC-E19E-4D5E-B871-1A3470D97A4C}.Debug|Any CPU.Build.0 = Debug|Any CPU
		{B6762EEC-E19E-4D5E-B871-1A3470D97A4C}.Release|Any CPU.ActiveCfg = Release|Any CPU
		{B6762EEC-E19E-4D5E-B871-1A3470D97A4C}.Release|Any CPU.Build.0 = Release|Any CPU
		{F7DF7772-E924-4D85-8AE3-C4EC54F4395E}.Debug|Any CPU.ActiveCfg = Debug|Any CPU
		{F7DF7772-E924-4D85-8AE3-C4EC54F4395E}.Debug|Any CPU.Build.0 = Debug|Any CPU
		{F7DF7772-E924-4D85-8AE3-C4EC54F4395E}.Release|Any CPU.ActiveCfg = Release|Any CPU
		{F7DF7772-E924-4D85-8AE3-C4EC54F4395E}.Release|Any CPU.Build.0 = Release|Any CPU
		{51A75BFD-D234-4994-91C2-01CBCBE8FF15}.Debug|Any CPU.ActiveCfg = Debug|Any CPU
		{51A75BFD-D234-4994-91C2-01CBCBE8FF15}.Debug|Any CPU.Build.0 = Debug|Any CPU
		{51A75BFD-D234-4994-91C2-01CBCBE8FF15}.Release|Any CPU.ActiveCfg = Release|Any CPU
		{51A75BFD-D234-4994-91C2-01CBCBE8FF15}.Release|Any CPU.Build.0 = Release|Any CPU
		{18AA2F07-A16F-49B7-8553-D138BD5AA906}.Debug|Any CPU.ActiveCfg = Debug|Any CPU
		{18AA2F07-A16F-49B7-8553-D138BD5AA906}.Debug|Any CPU.Build.0 = Debug|Any CPU
		{18AA2F07-A16F-49B7-8553-D138BD5AA906}.Release|Any CPU.ActiveCfg = Release|Any CPU
		{18AA2F07-A16F-49B7-8553-D138BD5AA906}.Release|Any CPU.Build.0 = Release|Any CPU
		{FCEC3063-B723-4AA9-9624-ADC972DE72CF}.Debug|Any CPU.ActiveCfg = Debug|Any CPU
		{FCEC3063-B723-4AA9-9624-ADC972DE72CF}.Debug|Any CPU.Build.0 = Debug|Any CPU
		{FCEC3063-B723-4AA9-9624-ADC972DE72CF}.Release|Any CPU.ActiveCfg = Release|Any CPU
		{FCEC3063-B723-4AA9-9624-ADC972DE72CF}.Release|Any CPU.Build.0 = Release|Any CPU
		{F22B40AC-E635-485A-B6E2-DBCA30C336D0}.Debug|Any CPU.ActiveCfg = Debug|Any CPU
		{F22B40AC-E635-485A-B6E2-DBCA30C336D0}.Debug|Any CPU.Build.0 = Debug|Any CPU
		{F22B40AC-E635-485A-B6E2-DBCA30C336D0}.Release|Any CPU.ActiveCfg = Release|Any CPU
		{F22B40AC-E635-485A-B6E2-DBCA30C336D0}.Release|Any CPU.Build.0 = Release|Any CPU
		{91C7351E-50F7-4AE2-860D-B244D19A21DC}.Debug|Any CPU.ActiveCfg = Debug|Any CPU
		{91C7351E-50F7-4AE2-860D-B244D19A21DC}.Debug|Any CPU.Build.0 = Debug|Any CPU
		{91C7351E-50F7-4AE2-860D-B244D19A21DC}.Release|Any CPU.ActiveCfg = Release|Any CPU
		{91C7351E-50F7-4AE2-860D-B244D19A21DC}.Release|Any CPU.Build.0 = Release|Any CPU
	EndGlobalSection
	GlobalSection(SolutionProperties) = preSolution
		HideSolutionNode = FALSE
	EndGlobalSection
	GlobalSection(NestedProjects) = preSolution
		{7EABA287-B97D-4201-AF45-7DCBE2FD5987} = {C74D3CB9-0E0A-4AAE-BEAB-9DA98E2A3688}
		{3F849F84-65F4-46FB-BCB0-E80A05DC18E5} = {941E8A18-9404-44F7-8A02-1246D5756A8B}
		{81498764-B2C8-4DE2-BDD9-B63145DE8F80} = {941E8A18-9404-44F7-8A02-1246D5756A8B}
		{F36A4D9D-3780-4B7F-85F9-B9E0F087E79D} = {941E8A18-9404-44F7-8A02-1246D5756A8B}
		{EA0F8754-623E-4CFB-9AE5-CE8F79D787C3} = {5B7FBCB5-9699-41A2-82E8-E4E9407E5E7D}
		{E6DC3C1B-CBA9-47F6-A300-962BFB679002} = {5B7FBCB5-9699-41A2-82E8-E4E9407E5E7D}
		{4AC1058D-2885-41CD-A899-81B25DDADAE9} = {5B7FBCB5-9699-41A2-82E8-E4E9407E5E7D}
		{F5995C68-1C7A-4381-9424-F93405D44733} = {941E8A18-9404-44F7-8A02-1246D5756A8B}
		{25689D9B-51A2-49DE-808D-CEF441F180D0} = {AF137A89-9938-4CCD-9F33-704210D29E87}
		{2018F0D8-6F07-45EE-8C7B-F57A9078DAD4} = {25689D9B-51A2-49DE-808D-CEF441F180D0}
		{847E1545-8541-4BB5-8304-D2AD9B7BED85} = {25689D9B-51A2-49DE-808D-CEF441F180D0}
		{3911C268-95E4-4412-A1EC-2371714267EF} = {301E831A-5ECE-4040-9E5E-3BB646F9DE44}
		{C1827C58-DE5D-4CFA-BE98-F0066F4858C5} = {3911C268-95E4-4412-A1EC-2371714267EF}
		{A6B06558-986D-492C-BB9F-CF367358B487} = {EA8E16CD-ACE8-4822-90A0-686260C76DC3}
		{F5B4516A-7853-4DD7-9A75-6F062C9406AE} = {A6B06558-986D-492C-BB9F-CF367358B487}
		{DA5D881D-AF59-4958-A23A-EA935B7A1713} = {016D9DB0-8C99-4F48-8FE2-91449411A4D5}
		{B1012979-2F2C-465C-B5CC-42C287FA9B78} = {DA5D881D-AF59-4958-A23A-EA935B7A1713}
		{3BB17A77-1743-4FEC-BBBD-E823D24B41BD} = {1D6677F8-17D5-4AD0-9E00-1F8201F6AD54}
		{725CD617-AFAB-4682-8D54-0009F9408EBA} = {E0DC697A-394B-41E6-93C4-0A02AFF9BF25}
		{A03FAAA0-951F-4060-8B41-CAC1CC3A9051} = {4D1C7A7D-2629-441E-883E-B07C6D4FC4EB}
		{7C7BD680-6E08-472D-812B-4DACDA9A84F6} = {1D5ABFB0-AC36-4850-9E9F-96AA0C3E8F96}
		{ED390AE0-4396-44B5-8BD8-6D4A29A0A267} = {930D4F5E-E6E3-46ED-9476-68CD64F8DDD2}
		{2E1DC353-81EA-4F77-BFBD-9100FC13292B} = {930D4F5E-E6E3-46ED-9476-68CD64F8DDD2}
		{8AA7CE2F-9B12-491E-8A60-F016AD85B051} = {930D4F5E-E6E3-46ED-9476-68CD64F8DDD2}
		{AE9B66AF-4CA1-407E-AC62-10474D9D2E67} = {930D4F5E-E6E3-46ED-9476-68CD64F8DDD2}
		{EC81A5D0-D213-49BC-B330-762210D3B8A4} = {930D4F5E-E6E3-46ED-9476-68CD64F8DDD2}
		{EB281566-A5D2-4C59-8BD0-EDA9B96144EC} = {930D4F5E-E6E3-46ED-9476-68CD64F8DDD2}
		{87F8108A-BA62-43B0-80EC-95CB9F00CA41} = {930D4F5E-E6E3-46ED-9476-68CD64F8DDD2}
		{B6762EEC-E19E-4D5E-B871-1A3470D97A4C} = {930D4F5E-E6E3-46ED-9476-68CD64F8DDD2}
		{F7DF7772-E924-4D85-8AE3-C4EC54F4395E} = {930D4F5E-E6E3-46ED-9476-68CD64F8DDD2}
		{51A75BFD-D234-4994-91C2-01CBCBE8FF15} = {930D4F5E-E6E3-46ED-9476-68CD64F8DDD2}
		{18AA2F07-A16F-49B7-8553-D138BD5AA906} = {930D4F5E-E6E3-46ED-9476-68CD64F8DDD2}
		{2F5C0B0E-EDC7-468F-AB4D-033BC572FA5F} = {930D4F5E-E6E3-46ED-9476-68CD64F8DDD2}
		{FCEC3063-B723-4AA9-9624-ADC972DE72CF} = {2F5C0B0E-EDC7-468F-AB4D-033BC572FA5F}
		{F22B40AC-E635-485A-B6E2-DBCA30C336D0} = {2F5C0B0E-EDC7-468F-AB4D-033BC572FA5F}
		{91C7351E-50F7-4AE2-860D-B244D19A21DC} = {930D4F5E-E6E3-46ED-9476-68CD64F8DDD2}
	EndGlobalSection
	GlobalSection(ExtensibilityGlobals) = postSolution
		SolutionGuid = {13CC4097-9172-47CD-A5E1-65E5B031C241}
	EndGlobalSection
EndGlobal
